
Microsoft Visual Studio Solution File, Format Version 12.00
# Visual Studio 2012
Project("{2150E333-8FDC-42A3-9474-1A3956D46DE8}") = "HCMIS.Infrastructure", "HCMIS.Infrastructure", "{EDA32E6B-738F-434B-8B45-477256D05712}"
EndProject
Project("{2150E333-8FDC-42A3-9474-1A3956D46DE8}") = "Specification", "Specification", "{C20C2D85-7D6B-4E06-9ACC-F7DD68C4E70B}"
EndProject
Project("{2150E333-8FDC-42A3-9474-1A3956D46DE8}") = "HCMIS.Presentation", "HCMIS.Presentation", "{18A1EA13-61C2-4E3F-97BE-762ABA1CC7AD}"
EndProject
Project("{2150E333-8FDC-42A3-9474-1A3956D46DE8}") = "Syncronization", "Syncronization", "{F6C548B0-1C68-48D2-AA20-45066B237391}"
EndProject
Project("{2150E333-8FDC-42A3-9474-1A3956D46DE8}") = "Concrete", "Concrete", "{D01F6941-79CE-4C4F-A733-CC800F8D38E8}"
EndProject
Project("{2150E333-8FDC-42A3-9474-1A3956D46DE8}") = "Core", "Core", "{AABC291B-62AF-400A-94BE-1AC18B77400E}"
EndProject
Project("{2150E333-8FDC-42A3-9474-1A3956D46DE8}") = "DTO", "DTO", "{1BAB07CA-311F-4119-AB8E-42BAF0C8E057}"
EndProject
Project("{2150E333-8FDC-42A3-9474-1A3956D46DE8}") = "Concrete", "Concrete", "{3454141E-3A70-43EA-A482-658C724F776F}"
EndProject
Project("{FAE04EC0-301F-11D3-BF4B-00C04F79EFBC}") = "HCMIS.BLL", "Core\BLL\HCMIS.BLL.csproj", "{4D833455-E466-4E4F-AD03-352C114711E1}"
EndProject
Project("{FAE04EC0-301F-11D3-BF4B-00C04F79EFBC}") = "HCMIS.Concrete.Logging", "Infrastructure\HCMIS.Concrete.Logging\HCMIS.Concrete.Logging.csproj", "{6459B940-D440-492C-99EB-90BAEC40AF92}"
EndProject
Project("{FAE04EC0-301F-11D3-BF4B-00C04F79EFBC}") = "HCMIS.DAL", "Infrastructure\DAL\HCMIS.DAL.csproj", "{5B87B191-FBFE-4D36-827E-47E7251B3872}"
EndProject
Project("{FAE04EC0-301F-11D3-BF4B-00C04F79EFBC}") = "HCMIS.Logging", "Infrastructure\HCMIS.Logging\HCMIS.Logging.csproj", "{8DB7D300-436F-4089-849B-717A39E64199}"
EndProject
Project("{FAE04EC0-301F-11D3-BF4B-00C04F79EFBC}") = "HCMIS.Desktop", "Presentation\Desktop\HCMIS.Desktop.csproj", "{80BE69F5-6B84-4235-B9AC-20ECC8C5B9A9}"
	ProjectSection(ProjectDependencies) = postProject
		{8244611A-C096-48BA-9D45-4D0C21B3AF81} = {8244611A-C096-48BA-9D45-4D0C21B3AF81}
		{B37FB625-839C-4A38-BEDE-988D726162F0} = {B37FB625-839C-4A38-BEDE-988D726162F0}
		{35413540-308A-4921-833A-6927C781381A} = {35413540-308A-4921-833A-6927C781381A}
		{AAC0EB46-F59A-43A9-A536-3104ED52BDB7} = {AAC0EB46-F59A-43A9-A536-3104ED52BDB7}
		{C29BD44B-4B20-43BB-A2FA-04F313EF4ECD} = {C29BD44B-4B20-43BB-A2FA-04F313EF4ECD}
		{A7EC0952-272F-4EA7-8A41-0BC9757C0D57} = {A7EC0952-272F-4EA7-8A41-0BC9757C0D57}
		{33EF9A75-4EBB-4E06-B0F3-9E2C3C7A07A7} = {33EF9A75-4EBB-4E06-B0F3-9E2C3C7A07A7}
		{656E88CA-F8FB-479F-930D-789AB5E4DFBB} = {656E88CA-F8FB-479F-930D-789AB5E4DFBB}
		{605ACDE4-D711-4FF6-90FC-AC98EA2DD371} = {605ACDE4-D711-4FF6-90FC-AC98EA2DD371}
	EndProjectSection
EndProject
Project("{FAE04EC0-301F-11D3-BF4B-00C04F79EFBC}") = "HCMIS.Concrete.Models", "Infrastructure\Models\HCMIS.Concrete.Models.csproj", "{B37FB625-839C-4A38-BEDE-988D726162F0}"
EndProject
Project("{FAE04EC0-301F-11D3-BF4B-00C04F79EFBC}") = "HCMIS.Concrete.Repository", "Infrastructure\Repository\HCMIS.Concrete.Repository.csproj", "{605ACDE4-D711-4FF6-90FC-AC98EA2DD371}"
EndProject
Project("{FAE04EC0-301F-11D3-BF4B-00C04F79EFBC}") = "HCMIS.Shared", "Infrastructure\Shared\HCMIS.Shared.csproj", "{7A71311E-26DF-477F-B5EC-C276F18CA8AF}"
EndProject
Project("{FAE04EC0-301F-11D3-BF4B-00C04F79EFBC}") = "HCMIS.DTO", "Infrastructure\DTO\HCMIS.DTO.csproj", "{A7EC0952-272F-4EA7-8A41-0BC9757C0D57}"
EndProject
Project("{FAE04EC0-301F-11D3-BF4B-00C04F79EFBC}") = "HCMIS.Core.Distribution", "Core\Distribution\HCMIS.Core.Distribution.csproj", "{33EF9A75-4EBB-4E06-B0F3-9E2C3C7A07A7}"
EndProject
Project("{FAE04EC0-301F-11D3-BF4B-00C04F79EFBC}") = "HCMIS.Security", "Infrastructure\HCMIS.Security\HCMIS.Security.csproj", "{700D59A9-0658-466D-938C-95A471451629}"
EndProject
Project("{FAE04EC0-301F-11D3-BF4B-00C04F79EFBC}") = "HCMIS.Security.Common", "Infrastructure\HCMIS.Security.Common\HCMIS.Security.Common.csproj", "{9B7AAA15-62EE-4D72-A917-E7F119BE001F}"
EndProject
Project("{FAE04EC0-301F-11D3-BF4B-00C04F79EFBC}") = "HCMIS.UserManagement", "Presentation\UserManagement\HCMIS.UserManagement.csproj", "{FE2522AA-62F1-42D4-80A7-86DC7F44E029}"
EndProject
Project("{2150E333-8FDC-42A3-9474-1A3956D46DE8}") = "Specification", "Specification", "{9F5B7D7B-39B2-4A39-9236-DC74AA6A90EE}"
EndProject
Project("{FAE04EC0-301F-11D3-BF4B-00C04F79EFBC}") = "HCMIS.Specification.Finance.CostTier", "Core\Specification\HCMIS.Specification.CostTier\HCMIS.Specification.Finance.CostTier.csproj", "{BCB1015E-B8FF-481D-B00A-646CDBBDDC51}"
EndProject
Project("{2150E333-8FDC-42A3-9474-1A3956D46DE8}") = "Finance", "Finance", "{CAD2B432-518E-4BE7-A710-AA578DFFC65B}"
EndProject
Project("{2150E333-8FDC-42A3-9474-1A3956D46DE8}") = "Finance", "Finance", "{0BCAA376-29FF-466F-843A-249F9BD8B5FB}"
EndProject
Project("{2150E333-8FDC-42A3-9474-1A3956D46DE8}") = "Distribution", "Distribution", "{4BA43798-709A-4244-99FC-DEDF5DD17D94}"
EndProject
Project("{FAE04EC0-301F-11D3-BF4B-00C04F79EFBC}") = "HCMIS.Core.Finance", "Core\Finance\Finance\HCMIS.Core.Finance.csproj", "{AAC0EB46-F59A-43A9-A536-3104ED52BDB7}"
EndProject
Project("{FAE04EC0-301F-11D3-BF4B-00C04F79EFBC}") = "HCMIS.Core.Finance.CostTier", "Core\Finance\HCMIS.Core.Finance.CostTier\HCMIS.Core.Finance.CostTier.csproj", "{35413540-308A-4921-833A-6927C781381A}"
EndProject
Project("{FAE04EC0-301F-11D3-BF4B-00C04F79EFBC}") = "HCMIS.Specification.Finance", "Core\Specification\Finance\HCMIS.Specification.Finance\HCMIS.Specification.Finance.csproj", "{C29BD44B-4B20-43BB-A2FA-04F313EF4ECD}"
EndProject
Project("{FAE04EC0-301F-11D3-BF4B-00C04F79EFBC}") = "HCMIS.Specification.Finance.CostingSheet", "Core\Specification\HCMIS.Specification.Finance.CostingSheet\HCMIS.Specification.Finance.CostingSheet.csproj", "{656E88CA-F8FB-479F-930D-789AB5E4DFBB}"
EndProject
Project("{FAE04EC0-301F-11D3-BF4B-00C04F79EFBC}") = "HCMIS.Core.Finance.CostingSheet", "Core\Finance\HCMIS.Core.Finance.CostingSheet\HCMIS.Core.Finance.CostingSheet.csproj", "{8244611A-C096-48BA-9D45-4D0C21B3AF81}"
EndProject
Project("{FAE04EC0-301F-11D3-BF4B-00C04F79EFBC}") = "HCMIS.Reports", "HCMIS.Reports\HCMIS.Reports.csproj", "{D897E69B-612E-4F60-98D9-83BE0BA4BF0B}"
EndProject
Project("{FAE04EC0-301F-11D3-BF4B-00C04F79EFBC}") = "HCMIS.Repository", "Core\Repository\HCMIS.Repository\HCMIS.Repository.csproj", "{6BE4C3C0-D67B-43B4-BEB9-DC7746DB027E}"
EndProject
Project("{2150E333-8FDC-42A3-9474-1A3956D46DE8}") = "HCMIS.Redesign", "HCMIS.Redesign", "{C02BD0FE-9A14-41AD-B357-6F1E4F2FE0F3}"
EndProject
Project("{FAE04EC0-301F-11D3-BF4B-00C04F79EFBC}") = "HCMIS.Modules.Requisition", "HCMIS.Modules.Requisition\HCMIS.Modules.Requisition.csproj", "{663796B1-7043-48BD-A4AB-4FB0B94DE3C6}"
EndProject
Project("{2150E333-8FDC-42A3-9474-1A3956D46DE8}") = "Libraries", "Libraries", "{01AD8F7E-F7BD-4122-BDC5-0560D33E9565}"
EndProject
Project("{FAE04EC0-301F-11D3-BF4B-00C04F79EFBC}") = "EthiopianCalendar", "Libraries\EthiopianCalendar\EthiopianCalendar.csproj", "{9DE1E9F2-5B8D-4ACE-85BD-1AB7489E04E9}"
EndProject
Project("{FAE04EC0-301F-11D3-BF4B-00C04F79EFBC}") = "HCMIS.Enums", "Libraries\HCMIS.Enums\HCMIS.Enums.csproj", "{B7BFBC4A-9709-4A01-A2C9-4E903EE9DB0D}"
EndProject
Project("{FAE04EC0-301F-11D3-BF4B-00C04F79EFBC}") = "HCMIS.Warehouse.Models", "Libraries\HCMIS.Warehouse.Models\HCMIS.Warehouse.Models.csproj", "{DF635573-6130-453A-A897-F28B7712B5E7}"
EndProject
Project("{FAE04EC0-301F-11D3-BF4B-00C04F79EFBC}") = "HCMIS.Extensions", "Libraries\HCMIS.Extensions\HCMIS.Extensions.csproj", "{43A9733E-5A20-4282-9CC2-9F25AC50E7FE}"
EndProject
Project("{FAE04EC0-301F-11D3-BF4B-00C04F79EFBC}") = "HCMIS.Helpers", "Libraries\Helpers\HCMIS.Helpers.csproj", "{B0ABD080-A549-4380-A4D9-088D228C8C14}"
EndProject
Global
	GlobalSection(TestCaseManagementSettings) = postSolution
		CategoryFile = HCMIS1.vsmdi
	EndGlobalSection
	GlobalSection(SolutionConfigurationPlatforms) = preSolution
		Debug|Any CPU = Debug|Any CPU
		Debug|Mixed Platforms = Debug|Mixed Platforms
		Debug|x86 = Debug|x86
		Release|Any CPU = Release|Any CPU
		Release|Mixed Platforms = Release|Mixed Platforms
		Release|x86 = Release|x86
	EndGlobalSection
	GlobalSection(ProjectConfigurationPlatforms) = postSolution
		{4D833455-E466-4E4F-AD03-352C114711E1}.Debug|Any CPU.ActiveCfg = Debug|Any CPU
		{4D833455-E466-4E4F-AD03-352C114711E1}.Debug|Any CPU.Build.0 = Debug|Any CPU
		{4D833455-E466-4E4F-AD03-352C114711E1}.Debug|Mixed Platforms.ActiveCfg = Debug|Any CPU
		{4D833455-E466-4E4F-AD03-352C114711E1}.Debug|Mixed Platforms.Build.0 = Debug|Any CPU
		{4D833455-E466-4E4F-AD03-352C114711E1}.Debug|Mixed Platforms.Deploy.0 = Debug|Any CPU
		{4D833455-E466-4E4F-AD03-352C114711E1}.Debug|x86.ActiveCfg = Debug|Any CPU
		{4D833455-E466-4E4F-AD03-352C114711E1}.Debug|x86.Build.0 = Debug|Any CPU
		{4D833455-E466-4E4F-AD03-352C114711E1}.Release|Any CPU.ActiveCfg = Release|Any CPU
		{4D833455-E466-4E4F-AD03-352C114711E1}.Release|Any CPU.Build.0 = Release|Any CPU
		{4D833455-E466-4E4F-AD03-352C114711E1}.Release|Mixed Platforms.ActiveCfg = Release|Any CPU
		{4D833455-E466-4E4F-AD03-352C114711E1}.Release|Mixed Platforms.Build.0 = Release|Any CPU
		{4D833455-E466-4E4F-AD03-352C114711E1}.Release|x86.ActiveCfg = Release|Any CPU
		{6459B940-D440-492C-99EB-90BAEC40AF92}.Debug|Any CPU.ActiveCfg = Debug|Any CPU
		{6459B940-D440-492C-99EB-90BAEC40AF92}.Debug|Any CPU.Build.0 = Debug|Any CPU
		{6459B940-D440-492C-99EB-90BAEC40AF92}.Debug|Mixed Platforms.ActiveCfg = Debug|Any CPU
		{6459B940-D440-492C-99EB-90BAEC40AF92}.Debug|Mixed Platforms.Build.0 = Debug|Any CPU
		{6459B940-D440-492C-99EB-90BAEC40AF92}.Debug|x86.ActiveCfg = Debug|Any CPU
		{6459B940-D440-492C-99EB-90BAEC40AF92}.Debug|x86.Build.0 = Debug|Any CPU
		{6459B940-D440-492C-99EB-90BAEC40AF92}.Release|Any CPU.ActiveCfg = Release|Any CPU
		{6459B940-D440-492C-99EB-90BAEC40AF92}.Release|Any CPU.Build.0 = Release|Any CPU
		{6459B940-D440-492C-99EB-90BAEC40AF92}.Release|Mixed Platforms.ActiveCfg = Release|Any CPU
		{6459B940-D440-492C-99EB-90BAEC40AF92}.Release|Mixed Platforms.Build.0 = Release|Any CPU
		{6459B940-D440-492C-99EB-90BAEC40AF92}.Release|x86.ActiveCfg = Release|Any CPU
		{5B87B191-FBFE-4D36-827E-47E7251B3872}.Debug|Any CPU.ActiveCfg = Debug|Any CPU
		{5B87B191-FBFE-4D36-827E-47E7251B3872}.Debug|Any CPU.Build.0 = Debug|Any CPU
		{5B87B191-FBFE-4D36-827E-47E7251B3872}.Debug|Mixed Platforms.ActiveCfg = Debug|Any CPU
		{5B87B191-FBFE-4D36-827E-47E7251B3872}.Debug|Mixed Platforms.Build.0 = Debug|Any CPU
		{5B87B191-FBFE-4D36-827E-47E7251B3872}.Debug|x86.ActiveCfg = Debug|Any CPU
		{5B87B191-FBFE-4D36-827E-47E7251B3872}.Debug|x86.Build.0 = Debug|Any CPU
		{5B87B191-FBFE-4D36-827E-47E7251B3872}.Release|Any CPU.ActiveCfg = Release|Any CPU
		{5B87B191-FBFE-4D36-827E-47E7251B3872}.Release|Any CPU.Build.0 = Release|Any CPU
		{5B87B191-FBFE-4D36-827E-47E7251B3872}.Release|Mixed Platforms.ActiveCfg = Release|Any CPU
		{5B87B191-FBFE-4D36-827E-47E7251B3872}.Release|Mixed Platforms.Build.0 = Release|Any CPU
		{5B87B191-FBFE-4D36-827E-47E7251B3872}.Release|x86.ActiveCfg = Release|Any CPU
		{8DB7D300-436F-4089-849B-717A39E64199}.Debug|Any CPU.ActiveCfg = Debug|Any CPU
		{8DB7D300-436F-4089-849B-717A39E64199}.Debug|Any CPU.Build.0 = Debug|Any CPU
		{8DB7D300-436F-4089-849B-717A39E64199}.Debug|Mixed Platforms.ActiveCfg = Debug|Any CPU
		{8DB7D300-436F-4089-849B-717A39E64199}.Debug|Mixed Platforms.Build.0 = Debug|Any CPU
		{8DB7D300-436F-4089-849B-717A39E64199}.Debug|x86.ActiveCfg = Debug|Any CPU
		{8DB7D300-436F-4089-849B-717A39E64199}.Debug|x86.Build.0 = Debug|Any CPU
		{8DB7D300-436F-4089-849B-717A39E64199}.Release|Any CPU.ActiveCfg = Release|Any CPU
		{8DB7D300-436F-4089-849B-717A39E64199}.Release|Any CPU.Build.0 = Release|Any CPU
		{8DB7D300-436F-4089-849B-717A39E64199}.Release|Mixed Platforms.ActiveCfg = Release|Any CPU
		{8DB7D300-436F-4089-849B-717A39E64199}.Release|Mixed Platforms.Build.0 = Release|Any CPU
		{8DB7D300-436F-4089-849B-717A39E64199}.Release|x86.ActiveCfg = Release|Any CPU
		{80BE69F5-6B84-4235-B9AC-20ECC8C5B9A9}.Debug|Any CPU.ActiveCfg = Debug|Any CPU
		{80BE69F5-6B84-4235-B9AC-20ECC8C5B9A9}.Debug|Any CPU.Build.0 = Debug|Any CPU
		{80BE69F5-6B84-4235-B9AC-20ECC8C5B9A9}.Debug|Mixed Platforms.ActiveCfg = Debug|Any CPU
		{80BE69F5-6B84-4235-B9AC-20ECC8C5B9A9}.Debug|Mixed Platforms.Build.0 = Debug|Any CPU
		{80BE69F5-6B84-4235-B9AC-20ECC8C5B9A9}.Debug|x86.ActiveCfg = Debug|Any CPU
		{80BE69F5-6B84-4235-B9AC-20ECC8C5B9A9}.Debug|x86.Build.0 = Debug|Any CPU
		{80BE69F5-6B84-4235-B9AC-20ECC8C5B9A9}.Release|Any CPU.ActiveCfg = Release|Any CPU
		{80BE69F5-6B84-4235-B9AC-20ECC8C5B9A9}.Release|Any CPU.Build.0 = Release|Any CPU
		{80BE69F5-6B84-4235-B9AC-20ECC8C5B9A9}.Release|Mixed Platforms.ActiveCfg = Release|Any CPU
		{80BE69F5-6B84-4235-B9AC-20ECC8C5B9A9}.Release|Mixed Platforms.Build.0 = Release|Any CPU
		{80BE69F5-6B84-4235-B9AC-20ECC8C5B9A9}.Release|x86.ActiveCfg = Release|Any CPU
		{B37FB625-839C-4A38-BEDE-988D726162F0}.Debug|Any CPU.ActiveCfg = Debug|Any CPU
		{B37FB625-839C-4A38-BEDE-988D726162F0}.Debug|Any CPU.Build.0 = Debug|Any CPU
		{B37FB625-839C-4A38-BEDE-988D726162F0}.Debug|Mixed Platforms.ActiveCfg = Debug|Any CPU
		{B37FB625-839C-4A38-BEDE-988D726162F0}.Debug|Mixed Platforms.Build.0 = Debug|Any CPU
		{B37FB625-839C-4A38-BEDE-988D726162F0}.Debug|x86.ActiveCfg = Debug|Any CPU
		{B37FB625-839C-4A38-BEDE-988D726162F0}.Debug|x86.Build.0 = Debug|Any CPU
		{B37FB625-839C-4A38-BEDE-988D726162F0}.Release|Any CPU.ActiveCfg = Release|Any CPU
		{B37FB625-839C-4A38-BEDE-988D726162F0}.Release|Any CPU.Build.0 = Release|Any CPU
		{B37FB625-839C-4A38-BEDE-988D726162F0}.Release|Mixed Platforms.ActiveCfg = Release|Any CPU
		{B37FB625-839C-4A38-BEDE-988D726162F0}.Release|Mixed Platforms.Build.0 = Release|Any CPU
		{B37FB625-839C-4A38-BEDE-988D726162F0}.Release|x86.ActiveCfg = Release|Any CPU
		{605ACDE4-D711-4FF6-90FC-AC98EA2DD371}.Debug|Any CPU.ActiveCfg = Debug|Any CPU
		{605ACDE4-D711-4FF6-90FC-AC98EA2DD371}.Debug|Any CPU.Build.0 = Debug|Any CPU
		{605ACDE4-D711-4FF6-90FC-AC98EA2DD371}.Debug|Mixed Platforms.ActiveCfg = Debug|Any CPU
		{605ACDE4-D711-4FF6-90FC-AC98EA2DD371}.Debug|Mixed Platforms.Build.0 = Debug|Any CPU
		{605ACDE4-D711-4FF6-90FC-AC98EA2DD371}.Debug|x86.ActiveCfg = Debug|Any CPU
		{605ACDE4-D711-4FF6-90FC-AC98EA2DD371}.Debug|x86.Build.0 = Debug|Any CPU
		{605ACDE4-D711-4FF6-90FC-AC98EA2DD371}.Release|Any CPU.ActiveCfg = Release|Any CPU
		{605ACDE4-D711-4FF6-90FC-AC98EA2DD371}.Release|Any CPU.Build.0 = Release|Any CPU
		{605ACDE4-D711-4FF6-90FC-AC98EA2DD371}.Release|Mixed Platforms.ActiveCfg = Release|Any CPU
		{605ACDE4-D711-4FF6-90FC-AC98EA2DD371}.Release|Mixed Platforms.Build.0 = Release|Any CPU
		{605ACDE4-D711-4FF6-90FC-AC98EA2DD371}.Release|x86.ActiveCfg = Release|Any CPU
		{7A71311E-26DF-477F-B5EC-C276F18CA8AF}.Debug|Any CPU.ActiveCfg = Debug|Any CPU
		{7A71311E-26DF-477F-B5EC-C276F18CA8AF}.Debug|Any CPU.Build.0 = Debug|Any CPU
		{7A71311E-26DF-477F-B5EC-C276F18CA8AF}.Debug|Mixed Platforms.ActiveCfg = Debug|Any CPU
		{7A71311E-26DF-477F-B5EC-C276F18CA8AF}.Debug|Mixed Platforms.Build.0 = Debug|Any CPU
		{7A71311E-26DF-477F-B5EC-C276F18CA8AF}.Debug|x86.ActiveCfg = Debug|Any CPU
		{7A71311E-26DF-477F-B5EC-C276F18CA8AF}.Debug|x86.Build.0 = Debug|Any CPU
		{7A71311E-26DF-477F-B5EC-C276F18CA8AF}.Release|Any CPU.ActiveCfg = Release|Any CPU
		{7A71311E-26DF-477F-B5EC-C276F18CA8AF}.Release|Any CPU.Build.0 = Release|Any CPU
		{7A71311E-26DF-477F-B5EC-C276F18CA8AF}.Release|Mixed Platforms.ActiveCfg = Release|Any CPU
		{7A71311E-26DF-477F-B5EC-C276F18CA8AF}.Release|Mixed Platforms.Build.0 = Release|Any CPU
		{7A71311E-26DF-477F-B5EC-C276F18CA8AF}.Release|x86.ActiveCfg = Release|Any CPU
		{A7EC0952-272F-4EA7-8A41-0BC9757C0D57}.Debug|Any CPU.ActiveCfg = Debug|Any CPU
		{A7EC0952-272F-4EA7-8A41-0BC9757C0D57}.Debug|Any CPU.Build.0 = Debug|Any CPU
		{A7EC0952-272F-4EA7-8A41-0BC9757C0D57}.Debug|Mixed Platforms.ActiveCfg = Debug|Any CPU
		{A7EC0952-272F-4EA7-8A41-0BC9757C0D57}.Debug|Mixed Platforms.Build.0 = Debug|Any CPU
		{A7EC0952-272F-4EA7-8A41-0BC9757C0D57}.Debug|x86.ActiveCfg = Debug|Any CPU
		{A7EC0952-272F-4EA7-8A41-0BC9757C0D57}.Debug|x86.Build.0 = Debug|Any CPU
		{A7EC0952-272F-4EA7-8A41-0BC9757C0D57}.Release|Any CPU.ActiveCfg = Release|Any CPU
		{A7EC0952-272F-4EA7-8A41-0BC9757C0D57}.Release|Any CPU.Build.0 = Release|Any CPU
		{A7EC0952-272F-4EA7-8A41-0BC9757C0D57}.Release|Mixed Platforms.ActiveCfg = Release|Any CPU
		{A7EC0952-272F-4EA7-8A41-0BC9757C0D57}.Release|Mixed Platforms.Build.0 = Release|Any CPU
		{A7EC0952-272F-4EA7-8A41-0BC9757C0D57}.Release|x86.ActiveCfg = Release|Any CPU
		{33EF9A75-4EBB-4E06-B0F3-9E2C3C7A07A7}.Debug|Any CPU.ActiveCfg = Debug|Any CPU
		{33EF9A75-4EBB-4E06-B0F3-9E2C3C7A07A7}.Debug|Any CPU.Build.0 = Debug|Any CPU
		{33EF9A75-4EBB-4E06-B0F3-9E2C3C7A07A7}.Debug|Mixed Platforms.ActiveCfg = Debug|Any CPU
		{33EF9A75-4EBB-4E06-B0F3-9E2C3C7A07A7}.Debug|Mixed Platforms.Build.0 = Debug|Any CPU
		{33EF9A75-4EBB-4E06-B0F3-9E2C3C7A07A7}.Debug|x86.ActiveCfg = Debug|Any CPU
		{33EF9A75-4EBB-4E06-B0F3-9E2C3C7A07A7}.Debug|x86.Build.0 = Debug|Any CPU
		{33EF9A75-4EBB-4E06-B0F3-9E2C3C7A07A7}.Release|Any CPU.ActiveCfg = Release|Any CPU
		{33EF9A75-4EBB-4E06-B0F3-9E2C3C7A07A7}.Release|Any CPU.Build.0 = Release|Any CPU
		{33EF9A75-4EBB-4E06-B0F3-9E2C3C7A07A7}.Release|Mixed Platforms.ActiveCfg = Release|Any CPU
		{33EF9A75-4EBB-4E06-B0F3-9E2C3C7A07A7}.Release|Mixed Platforms.Build.0 = Release|Any CPU
		{33EF9A75-4EBB-4E06-B0F3-9E2C3C7A07A7}.Release|x86.ActiveCfg = Release|Any CPU
		{700D59A9-0658-466D-938C-95A471451629}.Debug|Any CPU.ActiveCfg = Debug|Any CPU
		{700D59A9-0658-466D-938C-95A471451629}.Debug|Any CPU.Build.0 = Debug|Any CPU
		{700D59A9-0658-466D-938C-95A471451629}.Debug|Mixed Platforms.ActiveCfg = Debug|Any CPU
		{700D59A9-0658-466D-938C-95A471451629}.Debug|Mixed Platforms.Build.0 = Debug|Any CPU
		{700D59A9-0658-466D-938C-95A471451629}.Debug|x86.ActiveCfg = Debug|Any CPU
		{700D59A9-0658-466D-938C-95A471451629}.Debug|x86.Build.0 = Debug|Any CPU
		{700D59A9-0658-466D-938C-95A471451629}.Release|Any CPU.ActiveCfg = Release|Any CPU
		{700D59A9-0658-466D-938C-95A471451629}.Release|Any CPU.Build.0 = Release|Any CPU
		{700D59A9-0658-466D-938C-95A471451629}.Release|Mixed Platforms.ActiveCfg = Release|Any CPU
		{700D59A9-0658-466D-938C-95A471451629}.Release|Mixed Platforms.Build.0 = Release|Any CPU
		{700D59A9-0658-466D-938C-95A471451629}.Release|x86.ActiveCfg = Release|Any CPU
		{9B7AAA15-62EE-4D72-A917-E7F119BE001F}.Debug|Any CPU.ActiveCfg = Debug|Any CPU
		{9B7AAA15-62EE-4D72-A917-E7F119BE001F}.Debug|Any CPU.Build.0 = Debug|Any CPU
		{9B7AAA15-62EE-4D72-A917-E7F119BE001F}.Debug|Mixed Platforms.ActiveCfg = Debug|Any CPU
		{9B7AAA15-62EE-4D72-A917-E7F119BE001F}.Debug|Mixed Platforms.Build.0 = Debug|Any CPU
		{9B7AAA15-62EE-4D72-A917-E7F119BE001F}.Debug|x86.ActiveCfg = Debug|Any CPU
		{9B7AAA15-62EE-4D72-A917-E7F119BE001F}.Debug|x86.Build.0 = Debug|Any CPU
		{9B7AAA15-62EE-4D72-A917-E7F119BE001F}.Release|Any CPU.ActiveCfg = Release|Any CPU
		{9B7AAA15-62EE-4D72-A917-E7F119BE001F}.Release|Any CPU.Build.0 = Release|Any CPU
		{9B7AAA15-62EE-4D72-A917-E7F119BE001F}.Release|Mixed Platforms.ActiveCfg = Release|Any CPU
		{9B7AAA15-62EE-4D72-A917-E7F119BE001F}.Release|Mixed Platforms.Build.0 = Release|Any CPU
		{9B7AAA15-62EE-4D72-A917-E7F119BE001F}.Release|x86.ActiveCfg = Release|Any CPU
		{FE2522AA-62F1-42D4-80A7-86DC7F44E029}.Debug|Any CPU.ActiveCfg = Debug|x86
		{FE2522AA-62F1-42D4-80A7-86DC7F44E029}.Debug|Mixed Platforms.ActiveCfg = Debug|x86
		{FE2522AA-62F1-42D4-80A7-86DC7F44E029}.Debug|x86.ActiveCfg = Debug|x86
		{FE2522AA-62F1-42D4-80A7-86DC7F44E029}.Debug|x86.Build.0 = Debug|x86
		{FE2522AA-62F1-42D4-80A7-86DC7F44E029}.Release|Any CPU.ActiveCfg = Release|x86
		{FE2522AA-62F1-42D4-80A7-86DC7F44E029}.Release|Mixed Platforms.ActiveCfg = Release|x86
		{FE2522AA-62F1-42D4-80A7-86DC7F44E029}.Release|Mixed Platforms.Build.0 = Release|x86
		{FE2522AA-62F1-42D4-80A7-86DC7F44E029}.Release|x86.ActiveCfg = Release|x86
		{FE2522AA-62F1-42D4-80A7-86DC7F44E029}.Release|x86.Build.0 = Release|x86
		{BCB1015E-B8FF-481D-B00A-646CDBBDDC51}.Debug|Any CPU.ActiveCfg = Debug|Any CPU
		{BCB1015E-B8FF-481D-B00A-646CDBBDDC51}.Debug|Any CPU.Build.0 = Debug|Any CPU
		{BCB1015E-B8FF-481D-B00A-646CDBBDDC51}.Debug|Mixed Platforms.ActiveCfg = Debug|Any CPU
		{BCB1015E-B8FF-481D-B00A-646CDBBDDC51}.Debug|Mixed Platforms.Build.0 = Debug|Any CPU
		{BCB1015E-B8FF-481D-B00A-646CDBBDDC51}.Debug|x86.ActiveCfg = Debug|Any CPU
		{BCB1015E-B8FF-481D-B00A-646CDBBDDC51}.Debug|x86.Build.0 = Debug|Any CPU
		{BCB1015E-B8FF-481D-B00A-646CDBBDDC51}.Release|Any CPU.ActiveCfg = Release|Any CPU
		{BCB1015E-B8FF-481D-B00A-646CDBBDDC51}.Release|Any CPU.Build.0 = Release|Any CPU
		{BCB1015E-B8FF-481D-B00A-646CDBBDDC51}.Release|Mixed Platforms.ActiveCfg = Release|Any CPU
		{BCB1015E-B8FF-481D-B00A-646CDBBDDC51}.Release|Mixed Platforms.Build.0 = Release|Any CPU
		{BCB1015E-B8FF-481D-B00A-646CDBBDDC51}.Release|x86.ActiveCfg = Release|Any CPU
		{AAC0EB46-F59A-43A9-A536-3104ED52BDB7}.Debug|Any CPU.ActiveCfg = Debug|Any CPU
		{AAC0EB46-F59A-43A9-A536-3104ED52BDB7}.Debug|Any CPU.Build.0 = Debug|Any CPU
		{AAC0EB46-F59A-43A9-A536-3104ED52BDB7}.Debug|Mixed Platforms.ActiveCfg = Debug|Any CPU
		{AAC0EB46-F59A-43A9-A536-3104ED52BDB7}.Debug|Mixed Platforms.Build.0 = Debug|Any CPU
		{AAC0EB46-F59A-43A9-A536-3104ED52BDB7}.Debug|x86.ActiveCfg = Debug|Any CPU
		{AAC0EB46-F59A-43A9-A536-3104ED52BDB7}.Debug|x86.Build.0 = Debug|Any CPU
		{AAC0EB46-F59A-43A9-A536-3104ED52BDB7}.Release|Any CPU.ActiveCfg = Release|Any CPU
		{AAC0EB46-F59A-43A9-A536-3104ED52BDB7}.Release|Any CPU.Build.0 = Release|Any CPU
		{AAC0EB46-F59A-43A9-A536-3104ED52BDB7}.Release|Mixed Platforms.ActiveCfg = Release|Any CPU
		{AAC0EB46-F59A-43A9-A536-3104ED52BDB7}.Release|Mixed Platforms.Build.0 = Release|Any CPU
		{AAC0EB46-F59A-43A9-A536-3104ED52BDB7}.Release|x86.ActiveCfg = Release|Any CPU
		{35413540-308A-4921-833A-6927C781381A}.Debug|Any CPU.ActiveCfg = Debug|Any CPU
		{35413540-308A-4921-833A-6927C781381A}.Debug|Any CPU.Build.0 = Debug|Any CPU
		{35413540-308A-4921-833A-6927C781381A}.Debug|Mixed Platforms.ActiveCfg = Debug|Any CPU
		{35413540-308A-4921-833A-6927C781381A}.Debug|Mixed Platforms.Build.0 = Debug|Any CPU
		{35413540-308A-4921-833A-6927C781381A}.Debug|x86.ActiveCfg = Debug|Any CPU
		{35413540-308A-4921-833A-6927C781381A}.Debug|x86.Build.0 = Debug|Any CPU
		{35413540-308A-4921-833A-6927C781381A}.Release|Any CPU.ActiveCfg = Release|Any CPU
		{35413540-308A-4921-833A-6927C781381A}.Release|Any CPU.Build.0 = Release|Any CPU
		{35413540-308A-4921-833A-6927C781381A}.Release|Mixed Platforms.ActiveCfg = Release|Any CPU
		{35413540-308A-4921-833A-6927C781381A}.Release|Mixed Platforms.Build.0 = Release|Any CPU
		{35413540-308A-4921-833A-6927C781381A}.Release|x86.ActiveCfg = Release|Any CPU
		{C29BD44B-4B20-43BB-A2FA-04F313EF4ECD}.Debug|Any CPU.ActiveCfg = Debug|Any CPU
		{C29BD44B-4B20-43BB-A2FA-04F313EF4ECD}.Debug|Any CPU.Build.0 = Debug|Any CPU
		{C29BD44B-4B20-43BB-A2FA-04F313EF4ECD}.Debug|Mixed Platforms.ActiveCfg = Debug|Any CPU
		{C29BD44B-4B20-43BB-A2FA-04F313EF4ECD}.Debug|Mixed Platforms.Build.0 = Debug|Any CPU
		{C29BD44B-4B20-43BB-A2FA-04F313EF4ECD}.Debug|x86.ActiveCfg = Debug|Any CPU
		{C29BD44B-4B20-43BB-A2FA-04F313EF4ECD}.Debug|x86.Build.0 = Debug|Any CPU
		{C29BD44B-4B20-43BB-A2FA-04F313EF4ECD}.Release|Any CPU.ActiveCfg = Release|Any CPU
		{C29BD44B-4B20-43BB-A2FA-04F313EF4ECD}.Release|Any CPU.Build.0 = Release|Any CPU
		{C29BD44B-4B20-43BB-A2FA-04F313EF4ECD}.Release|Mixed Platforms.ActiveCfg = Release|Any CPU
		{C29BD44B-4B20-43BB-A2FA-04F313EF4ECD}.Release|Mixed Platforms.Build.0 = Release|Any CPU
		{C29BD44B-4B20-43BB-A2FA-04F313EF4ECD}.Release|x86.ActiveCfg = Release|Any CPU
		{656E88CA-F8FB-479F-930D-789AB5E4DFBB}.Debug|Any CPU.ActiveCfg = Debug|Any CPU
		{656E88CA-F8FB-479F-930D-789AB5E4DFBB}.Debug|Any CPU.Build.0 = Debug|Any CPU
		{656E88CA-F8FB-479F-930D-789AB5E4DFBB}.Debug|Mixed Platforms.ActiveCfg = Debug|Any CPU
		{656E88CA-F8FB-479F-930D-789AB5E4DFBB}.Debug|Mixed Platforms.Build.0 = Debug|Any CPU
		{656E88CA-F8FB-479F-930D-789AB5E4DFBB}.Debug|x86.ActiveCfg = Debug|Any CPU
		{656E88CA-F8FB-479F-930D-789AB5E4DFBB}.Debug|x86.Build.0 = Debug|Any CPU
		{656E88CA-F8FB-479F-930D-789AB5E4DFBB}.Release|Any CPU.ActiveCfg = Release|Any CPU
		{656E88CA-F8FB-479F-930D-789AB5E4DFBB}.Release|Any CPU.Build.0 = Release|Any CPU
		{656E88CA-F8FB-479F-930D-789AB5E4DFBB}.Release|Mixed Platforms.ActiveCfg = Release|Any CPU
		{656E88CA-F8FB-479F-930D-789AB5E4DFBB}.Release|Mixed Platforms.Build.0 = Release|Any CPU
		{656E88CA-F8FB-479F-930D-789AB5E4DFBB}.Release|x86.ActiveCfg = Release|Any CPU
		{8244611A-C096-48BA-9D45-4D0C21B3AF81}.Debug|Any CPU.ActiveCfg = Debug|Any CPU
		{8244611A-C096-48BA-9D45-4D0C21B3AF81}.Debug|Any CPU.Build.0 = Debug|Any CPU
		{8244611A-C096-48BA-9D45-4D0C21B3AF81}.Debug|Mixed Platforms.ActiveCfg = Debug|Any CPU
		{8244611A-C096-48BA-9D45-4D0C21B3AF81}.Debug|Mixed Platforms.Build.0 = Debug|Any CPU
		{8244611A-C096-48BA-9D45-4D0C21B3AF81}.Debug|x86.ActiveCfg = Debug|Any CPU
		{8244611A-C096-48BA-9D45-4D0C21B3AF81}.Debug|x86.Build.0 = Debug|Any CPU
		{8244611A-C096-48BA-9D45-4D0C21B3AF81}.Release|Any CPU.ActiveCfg = Release|Any CPU
		{8244611A-C096-48BA-9D45-4D0C21B3AF81}.Release|Any CPU.Build.0 = Release|Any CPU
		{8244611A-C096-48BA-9D45-4D0C21B3AF81}.Release|Mixed Platforms.ActiveCfg = Release|Any CPU
		{8244611A-C096-48BA-9D45-4D0C21B3AF81}.Release|Mixed Platforms.Build.0 = Release|Any CPU
		{8244611A-C096-48BA-9D45-4D0C21B3AF81}.Release|x86.ActiveCfg = Release|Any CPU
		{D897E69B-612E-4F60-98D9-83BE0BA4BF0B}.Debug|Any CPU.ActiveCfg = Debug|Any CPU
		{D897E69B-612E-4F60-98D9-83BE0BA4BF0B}.Debug|Any CPU.Build.0 = Debug|Any CPU
		{D897E69B-612E-4F60-98D9-83BE0BA4BF0B}.Debug|Mixed Platforms.ActiveCfg = Debug|Any CPU
		{D897E69B-612E-4F60-98D9-83BE0BA4BF0B}.Debug|Mixed Platforms.Build.0 = Debug|Any CPU
		{D897E69B-612E-4F60-98D9-83BE0BA4BF0B}.Debug|x86.ActiveCfg = Debug|Any CPU
		{D897E69B-612E-4F60-98D9-83BE0BA4BF0B}.Debug|x86.Build.0 = Debug|Any CPU
		{D897E69B-612E-4F60-98D9-83BE0BA4BF0B}.Release|Any CPU.ActiveCfg = Release|Any CPU
		{D897E69B-612E-4F60-98D9-83BE0BA4BF0B}.Release|Any CPU.Build.0 = Release|Any CPU
		{D897E69B-612E-4F60-98D9-83BE0BA4BF0B}.Release|Mixed Platforms.ActiveCfg = Release|Any CPU
		{D897E69B-612E-4F60-98D9-83BE0BA4BF0B}.Release|Mixed Platforms.Build.0 = Release|Any CPU
		{D897E69B-612E-4F60-98D9-83BE0BA4BF0B}.Release|x86.ActiveCfg = Release|Any CPU
		{6BE4C3C0-D67B-43B4-BEB9-DC7746DB027E}.Debug|Any CPU.ActiveCfg = Debug|Any CPU
		{6BE4C3C0-D67B-43B4-BEB9-DC7746DB027E}.Debug|Any CPU.Build.0 = Debug|Any CPU
		{6BE4C3C0-D67B-43B4-BEB9-DC7746DB027E}.Debug|Mixed Platforms.ActiveCfg = Debug|Any CPU
		{6BE4C3C0-D67B-43B4-BEB9-DC7746DB027E}.Debug|Mixed Platforms.Build.0 = Debug|Any CPU
		{6BE4C3C0-D67B-43B4-BEB9-DC7746DB027E}.Debug|x86.ActiveCfg = Debug|Any CPU
		{6BE4C3C0-D67B-43B4-BEB9-DC7746DB027E}.Debug|x86.Build.0 = Debug|Any CPU
		{6BE4C3C0-D67B-43B4-BEB9-DC7746DB027E}.Release|Any CPU.ActiveCfg = Release|Any CPU
		{6BE4C3C0-D67B-43B4-BEB9-DC7746DB027E}.Release|Any CPU.Build.0 = Release|Any CPU
		{6BE4C3C0-D67B-43B4-BEB9-DC7746DB027E}.Release|Mixed Platforms.ActiveCfg = Release|Any CPU
		{6BE4C3C0-D67B-43B4-BEB9-DC7746DB027E}.Release|Mixed Platforms.Build.0 = Release|Any CPU
		{6BE4C3C0-D67B-43B4-BEB9-DC7746DB027E}.Release|x86.ActiveCfg = Release|Any CPU
		{663796B1-7043-48BD-A4AB-4FB0B94DE3C6}.Debug|Any CPU.ActiveCfg = Debug|Any CPU
		{663796B1-7043-48BD-A4AB-4FB0B94DE3C6}.Debug|Any CPU.Build.0 = Debug|Any CPU
		{663796B1-7043-48BD-A4AB-4FB0B94DE3C6}.Debug|Mixed Platforms.ActiveCfg = Debug|Any CPU
		{663796B1-7043-48BD-A4AB-4FB0B94DE3C6}.Debug|Mixed Platforms.Build.0 = Debug|Any CPU
		{663796B1-7043-48BD-A4AB-4FB0B94DE3C6}.Debug|x86.ActiveCfg = Debug|Any CPU
		{663796B1-7043-48BD-A4AB-4FB0B94DE3C6}.Release|Any CPU.ActiveCfg = Release|Any CPU
		{663796B1-7043-48BD-A4AB-4FB0B94DE3C6}.Release|Any CPU.Build.0 = Release|Any CPU
		{663796B1-7043-48BD-A4AB-4FB0B94DE3C6}.Release|Mixed Platforms.ActiveCfg = Release|Any CPU
		{663796B1-7043-48BD-A4AB-4FB0B94DE3C6}.Release|Mixed Platforms.Build.0 = Release|Any CPU
		{663796B1-7043-48BD-A4AB-4FB0B94DE3C6}.Release|x86.ActiveCfg = Release|Any CPU
		{9DE1E9F2-5B8D-4ACE-85BD-1AB7489E04E9}.Debug|Any CPU.ActiveCfg = Debug|Any CPU
		{9DE1E9F2-5B8D-4ACE-85BD-1AB7489E04E9}.Debug|Any CPU.Build.0 = Debug|Any CPU
		{9DE1E9F2-5B8D-4ACE-85BD-1AB7489E04E9}.Debug|Mixed Platforms.ActiveCfg = Debug|Any CPU
		{9DE1E9F2-5B8D-4ACE-85BD-1AB7489E04E9}.Debug|Mixed Platforms.Build.0 = Debug|Any CPU
		{9DE1E9F2-5B8D-4ACE-85BD-1AB7489E04E9}.Debug|x86.ActiveCfg = Debug|Any CPU
		{9DE1E9F2-5B8D-4ACE-85BD-1AB7489E04E9}.Release|Any CPU.ActiveCfg = Release|Any CPU
		{9DE1E9F2-5B8D-4ACE-85BD-1AB7489E04E9}.Release|Any CPU.Build.0 = Release|Any CPU
		{9DE1E9F2-5B8D-4ACE-85BD-1AB7489E04E9}.Release|Mixed Platforms.ActiveCfg = Release|Any CPU
		{9DE1E9F2-5B8D-4ACE-85BD-1AB7489E04E9}.Release|Mixed Platforms.Build.0 = Release|Any CPU
		{9DE1E9F2-5B8D-4ACE-85BD-1AB7489E04E9}.Release|x86.ActiveCfg = Release|Any CPU
		{B7BFBC4A-9709-4A01-A2C9-4E903EE9DB0D}.Debug|Any CPU.ActiveCfg = Debug|Any CPU
		{B7BFBC4A-9709-4A01-A2C9-4E903EE9DB0D}.Debug|Any CPU.Build.0 = Debug|Any CPU
		{B7BFBC4A-9709-4A01-A2C9-4E903EE9DB0D}.Debug|Mixed Platforms.ActiveCfg = Debug|Any CPU
		{B7BFBC4A-9709-4A01-A2C9-4E903EE9DB0D}.Debug|Mixed Platforms.Build.0 = Debug|Any CPU
		{B7BFBC4A-9709-4A01-A2C9-4E903EE9DB0D}.Debug|x86.ActiveCfg = Debug|Any CPU
		{B7BFBC4A-9709-4A01-A2C9-4E903EE9DB0D}.Release|Any CPU.ActiveCfg = Release|Any CPU
		{B7BFBC4A-9709-4A01-A2C9-4E903EE9DB0D}.Release|Any CPU.Build.0 = Release|Any CPU
		{B7BFBC4A-9709-4A01-A2C9-4E903EE9DB0D}.Release|Mixed Platforms.ActiveCfg = Release|Any CPU
		{B7BFBC4A-9709-4A01-A2C9-4E903EE9DB0D}.Release|Mixed Platforms.Build.0 = Release|Any CPU
		{B7BFBC4A-9709-4A01-A2C9-4E903EE9DB0D}.Release|x86.ActiveCfg = Release|Any CPU
		{DF635573-6130-453A-A897-F28B7712B5E7}.Debug|Any CPU.ActiveCfg = Debug|Any CPU
		{DF635573-6130-453A-A897-F28B7712B5E7}.Debug|Any CPU.Build.0 = Debug|Any CPU
		{DF635573-6130-453A-A897-F28B7712B5E7}.Debug|Mixed Platforms.ActiveCfg = Debug|Any CPU
		{DF635573-6130-453A-A897-F28B7712B5E7}.Debug|Mixed Platforms.Build.0 = Debug|Any CPU
		{DF635573-6130-453A-A897-F28B7712B5E7}.Debug|x86.ActiveCfg = Debug|Any CPU
		{DF635573-6130-453A-A897-F28B7712B5E7}.Release|Any CPU.ActiveCfg = Release|Any CPU
		{DF635573-6130-453A-A897-F28B7712B5E7}.Release|Any CPU.Build.0 = Release|Any CPU
		{DF635573-6130-453A-A897-F28B7712B5E7}.Release|Mixed Platforms.ActiveCfg = Release|Any CPU
		{DF635573-6130-453A-A897-F28B7712B5E7}.Release|Mixed Platforms.Build.0 = Release|Any CPU
		{DF635573-6130-453A-A897-F28B7712B5E7}.Release|x86.ActiveCfg = Release|Any CPU
		{43A9733E-5A20-4282-9CC2-9F25AC50E7FE}.Debug|Any CPU.ActiveCfg = Debug|Any CPU
		{43A9733E-5A20-4282-9CC2-9F25AC50E7FE}.Debug|Any CPU.Build.0 = Debug|Any CPU
		{43A9733E-5A20-4282-9CC2-9F25AC50E7FE}.Debug|Mixed Platforms.ActiveCfg = Debug|Any CPU
		{43A9733E-5A20-4282-9CC2-9F25AC50E7FE}.Debug|Mixed Platforms.Build.0 = Debug|Any CPU
		{43A9733E-5A20-4282-9CC2-9F25AC50E7FE}.Debug|x86.ActiveCfg = Debug|Any CPU
		{43A9733E-5A20-4282-9CC2-9F25AC50E7FE}.Release|Any CPU.ActiveCfg = Release|Any CPU
		{43A9733E-5A20-4282-9CC2-9F25AC50E7FE}.Release|Any CPU.Build.0 = Release|Any CPU
		{43A9733E-5A20-4282-9CC2-9F25AC50E7FE}.Release|Mixed Platforms.ActiveCfg = Release|Any CPU
		{43A9733E-5A20-4282-9CC2-9F25AC50E7FE}.Release|Mixed Platforms.Build.0 = Release|Any CPU
		{43A9733E-5A20-4282-9CC2-9F25AC50E7FE}.Release|x86.ActiveCfg = Release|Any CPU
		{B0ABD080-A549-4380-A4D9-088D228C8C14}.Debug|Any CPU.ActiveCfg = Debug|Any CPU
		{B0ABD080-A549-4380-A4D9-088D228C8C14}.Debug|Any CPU.Build.0 = Debug|Any CPU
		{B0ABD080-A549-4380-A4D9-088D228C8C14}.Debug|Mixed Platforms.ActiveCfg = Debug|Any CPU
		{B0ABD080-A549-4380-A4D9-088D228C8C14}.Debug|Mixed Platforms.Build.0 = Debug|Any CPU
		{B0ABD080-A549-4380-A4D9-088D228C8C14}.Debug|x86.ActiveCfg = Debug|Any CPU
		{B0ABD080-A549-4380-A4D9-088D228C8C14}.Release|Any CPU.ActiveCfg = Release|Any CPU
		{B0ABD080-A549-4380-A4D9-088D228C8C14}.Release|Any CPU.Build.0 = Release|Any CPU
		{B0ABD080-A549-4380-A4D9-088D228C8C14}.Release|Mixed Platforms.ActiveCfg = Release|Any CPU
		{B0ABD080-A549-4380-A4D9-088D228C8C14}.Release|Mixed Platforms.Build.0 = Release|Any CPU
		{B0ABD080-A549-4380-A4D9-088D228C8C14}.Release|x86.ActiveCfg = Release|Any CPU
	EndGlobalSection
	GlobalSection(SolutionProperties) = preSolution
		HideSolutionNode = FALSE
	EndGlobalSection
	GlobalSection(NestedProjects) = preSolution
		{C20C2D85-7D6B-4E06-9ACC-F7DD68C4E70B} = {EDA32E6B-738F-434B-8B45-477256D05712}
		{F6C548B0-1C68-48D2-AA20-45066B237391} = {EDA32E6B-738F-434B-8B45-477256D05712}
		{D01F6941-79CE-4C4F-A733-CC800F8D38E8} = {EDA32E6B-738F-434B-8B45-477256D05712}
		{8DB7D300-436F-4089-849B-717A39E64199} = {C20C2D85-7D6B-4E06-9ACC-F7DD68C4E70B}
		{A7EC0952-272F-4EA7-8A41-0BC9757C0D57} = {C20C2D85-7D6B-4E06-9ACC-F7DD68C4E70B}
		{80BE69F5-6B84-4235-B9AC-20ECC8C5B9A9} = {18A1EA13-61C2-4E3F-97BE-762ABA1CC7AD}
		{FE2522AA-62F1-42D4-80A7-86DC7F44E029} = {18A1EA13-61C2-4E3F-97BE-762ABA1CC7AD}
		{D897E69B-612E-4F60-98D9-83BE0BA4BF0B} = {18A1EA13-61C2-4E3F-97BE-762ABA1CC7AD}
		{1BAB07CA-311F-4119-AB8E-42BAF0C8E057} = {F6C548B0-1C68-48D2-AA20-45066B237391}
		{3454141E-3A70-43EA-A482-658C724F776F} = {F6C548B0-1C68-48D2-AA20-45066B237391}
		{6459B940-D440-492C-99EB-90BAEC40AF92} = {D01F6941-79CE-4C4F-A733-CC800F8D38E8}
		{5B87B191-FBFE-4D36-827E-47E7251B3872} = {D01F6941-79CE-4C4F-A733-CC800F8D38E8}
		{B37FB625-839C-4A38-BEDE-988D726162F0} = {D01F6941-79CE-4C4F-A733-CC800F8D38E8}
		{605ACDE4-D711-4FF6-90FC-AC98EA2DD371} = {D01F6941-79CE-4C4F-A733-CC800F8D38E8}
		{7A71311E-26DF-477F-B5EC-C276F18CA8AF} = {D01F6941-79CE-4C4F-A733-CC800F8D38E8}
		{700D59A9-0658-466D-938C-95A471451629} = {D01F6941-79CE-4C4F-A733-CC800F8D38E8}
		{9B7AAA15-62EE-4D72-A917-E7F119BE001F} = {D01F6941-79CE-4C4F-A733-CC800F8D38E8}
		{4D833455-E466-4E4F-AD03-352C114711E1} = {AABC291B-62AF-400A-94BE-1AC18B77400E}
		{4BA43798-709A-4244-99FC-DEDF5DD17D94} = {AABC291B-62AF-400A-94BE-1AC18B77400E}
		{9F5B7D7B-39B2-4A39-9236-DC74AA6A90EE} = {AABC291B-62AF-400A-94BE-1AC18B77400E}
		{0BCAA376-29FF-466F-843A-249F9BD8B5FB} = {AABC291B-62AF-400A-94BE-1AC18B77400E}
		{6BE4C3C0-D67B-43B4-BEB9-DC7746DB027E} = {AABC291B-62AF-400A-94BE-1AC18B77400E}
		{33EF9A75-4EBB-4E06-B0F3-9E2C3C7A07A7} = {4BA43798-709A-4244-99FC-DEDF5DD17D94}
		{CAD2B432-518E-4BE7-A710-AA578DFFC65B} = {9F5B7D7B-39B2-4A39-9236-DC74AA6A90EE}
		{BCB1015E-B8FF-481D-B00A-646CDBBDDC51} = {CAD2B432-518E-4BE7-A710-AA578DFFC65B}
		{C29BD44B-4B20-43BB-A2FA-04F313EF4ECD} = {CAD2B432-518E-4BE7-A710-AA578DFFC65B}
		{656E88CA-F8FB-479F-930D-789AB5E4DFBB} = {CAD2B432-518E-4BE7-A710-AA578DFFC65B}
		{AAC0EB46-F59A-43A9-A536-3104ED52BDB7} = {0BCAA376-29FF-466F-843A-249F9BD8B5FB}
		{35413540-308A-4921-833A-6927C781381A} = {0BCAA376-29FF-466F-843A-249F9BD8B5FB}
		{8244611A-C096-48BA-9D45-4D0C21B3AF81} = {0BCAA376-29FF-466F-843A-249F9BD8B5FB}
		{663796B1-7043-48BD-A4AB-4FB0B94DE3C6} = {C02BD0FE-9A14-41AD-B357-6F1E4F2FE0F3}
		{9DE1E9F2-5B8D-4ACE-85BD-1AB7489E04E9} = {01AD8F7E-F7BD-4122-BDC5-0560D33E9565}
		{B7BFBC4A-9709-4A01-A2C9-4E903EE9DB0D} = {01AD8F7E-F7BD-4122-BDC5-0560D33E9565}
		{DF635573-6130-453A-A897-F28B7712B5E7} = {01AD8F7E-F7BD-4122-BDC5-0560D33E9565}
		{43A9733E-5A20-4282-9CC2-9F25AC50E7FE} = {01AD8F7E-F7BD-4122-BDC5-0560D33E9565}
		{B0ABD080-A549-4380-A4D9-088D228C8C14} = {01AD8F7E-F7BD-4122-BDC5-0560D33E9565}
	EndGlobalSection
	GlobalSection(ExtensibilityGlobals) = postSolution
		EnterpriseLibraryConfigurationToolBinariesPath = packages\Unity.2.1.505.0\lib\NET35;packages\Unity.Interception.2.1.505.0\lib\NET35;packages\EnterpriseLibrary.Common.5.0.505.0\lib\NET35;packages\EnterpriseLibrary.Caching.5.0.505.0\lib\NET35
	EndGlobalSection
EndGlobal
